// !$*UTF8*$!
{
	archiveVersion = 1;
	classes = {
	};
	objectVersion = 46;
	objects = {

/* Begin PBXBuildFile section */
		BE3A1E1BA940A33EE6183968 /* libPods-ManageGroup.a in Frameworks */ = {isa = PBXBuildFile; fileRef = E1111FE3EFF3AAC4D62CB7E6 /* libPods-ManageGroup.a */; };
		C54394D21E7274D1005EF454 /* contacts.json in Resources */ = {isa = PBXBuildFile; fileRef = C54394D11E7274D1005EF454 /* contacts.json */; };
		C543FF2F1E5EAB1F00BC3D09 /* BRContactsViewController.m in Sources */ = {isa = PBXBuildFile; fileRef = C543FF251E5EAB1F00BC3D09 /* BRContactsViewController.m */; };
		C543FF301E5EAB1F00BC3D09 /* BRGroupViewController.m in Sources */ = {isa = PBXBuildFile; fileRef = C543FF271E5EAB1F00BC3D09 /* BRGroupViewController.m */; };
		C543FF311E5EAB1F00BC3D09 /* BRContactsModel.m in Sources */ = {isa = PBXBuildFile; fileRef = C543FF2A1E5EAB1F00BC3D09 /* BRContactsModel.m */; };
		C543FF331E5EAB1F00BC3D09 /* BRContactsCell.m in Sources */ = {isa = PBXBuildFile; fileRef = C543FF2E1E5EAB1F00BC3D09 /* BRContactsCell.m */; };
		C543FF3E1E5EAC0F00BC3D09 /* group_manage@2x.png in Resources */ = {isa = PBXBuildFile; fileRef = C543FF3C1E5EAC0F00BC3D09 /* group_manage@2x.png */; };
		C543FF3F1E5EAC0F00BC3D09 /* group_manage@3x.png in Resources */ = {isa = PBXBuildFile; fileRef = C543FF3D1E5EAC0F00BC3D09 /* group_manage@3x.png */; };
		C543FF421E5EAC2700BC3D09 /* add@2x.png in Resources */ = {isa = PBXBuildFile; fileRef = C543FF401E5EAC2700BC3D09 /* add@2x.png */; };
		C543FF431E5EAC2700BC3D09 /* add@3x.png in Resources */ = {isa = PBXBuildFile; fileRef = C543FF411E5EAC2700BC3D09 /* add@3x.png */; };
		C543FF461E5EAC5900BC3D09 /* pulldownList@2x.png in Resources */ = {isa = PBXBuildFile; fileRef = C543FF441E5EAC5900BC3D09 /* pulldownList@2x.png */; };
		C543FF471E5EAC5900BC3D09 /* pulldownList@3x.png in Resources */ = {isa = PBXBuildFile; fileRef = C543FF451E5EAC5900BC3D09 /* pulldownList@3x.png */; };
		C543FF4C1E5EBAD700BC3D09 /* BRGroupModel.m in Sources */ = {isa = PBXBuildFile; fileRef = C543FF4B1E5EBAD700BC3D09 /* BRGroupModel.m */; };
		C543FF4E1E5ECA7700BC3D09 /* default.jpg in Resources */ = {isa = PBXBuildFile; fileRef = C543FF4D1E5ECA7700BC3D09 /* default.jpg */; };
		C543FF531E5EE58900BC3D09 /* BRSearchBar.m in Sources */ = {isa = PBXBuildFile; fileRef = C543FF501E5EE58900BC3D09 /* BRSearchBar.m */; };
		C543FF541E5EE58900BC3D09 /* BRSearchBarView.m in Sources */ = {isa = PBXBuildFile; fileRef = C543FF521E5EE58900BC3D09 /* BRSearchBarView.m */; };
		C54A3F3F1E5D9B50008FF367 /* main.m in Sources */ = {isa = PBXBuildFile; fileRef = C54A3F3E1E5D9B50008FF367 /* main.m */; };
		C54A3F421E5D9B50008FF367 /* AppDelegate.m in Sources */ = {isa = PBXBuildFile; fileRef = C54A3F411E5D9B50008FF367 /* AppDelegate.m */; };
		C54A3F481E5D9B50008FF367 /* Main.storyboard in Resources */ = {isa = PBXBuildFile; fileRef = C54A3F461E5D9B50008FF367 /* Main.storyboard */; };
		C54A3F4A1E5D9B50008FF367 /* Assets.xcassets in Resources */ = {isa = PBXBuildFile; fileRef = C54A3F491E5D9B50008FF367 /* Assets.xcassets */; };
		C54A3F4D1E5D9B50008FF367 /* LaunchScreen.storyboard in Resources */ = {isa = PBXBuildFile; fileRef = C54A3F4B1E5D9B50008FF367 /* LaunchScreen.storyboard */; };
		C5ACE5B01F4D23800069978B /* YYFPSLabel.m in Sources */ = {isa = PBXBuildFile; fileRef = C5ACE5AD1F4D23800069978B /* YYFPSLabel.m */; };
		C5ACE5B11F4D23800069978B /* YYWeakProxy.m in Sources */ = {isa = PBXBuildFile; fileRef = C5ACE5AF1F4D23800069978B /* YYWeakProxy.m */; };
/* End PBXBuildFile section */

/* Begin PBXFileReference section */
		4C7CD0EAEF716B4D1EC81B38 /* Pods-ManageGroup.debug.xcconfig */ = {isa = PBXFileReference; includeInIndex = 1; lastKnownFileType = text.xcconfig; name = "Pods-ManageGroup.debug.xcconfig"; path = "Pods/Target Support Files/Pods-ManageGroup/Pods-ManageGroup.debug.xcconfig"; sourceTree = "<group>"; };
		631BE5E1E164D11545B55ED6 /* Pods-ManageGroup.release.xcconfig */ = {isa = PBXFileReference; includeInIndex = 1; lastKnownFileType = text.xcconfig; name = "Pods-ManageGroup.release.xcconfig"; path = "Pods/Target Support Files/Pods-ManageGroup/Pods-ManageGroup.release.xcconfig"; sourceTree = "<group>"; };
		C54394D11E7274D1005EF454 /* contacts.json */ = {isa = PBXFileReference; fileEncoding = 4; lastKnownFileType = text.json; path = contacts.json; sourceTree = "<group>"; };
		C543FF111E5E769400BC3D09 /* PrefixHeader.pch */ = {isa = PBXFileReference; lastKnownFileType = sourcecode.c.h; path = PrefixHeader.pch; sourceTree = "<group>"; };
		C543FF241E5EAB1F00BC3D09 /* BRContactsViewController.h */ = {isa = PBXFileReference; fileEncoding = 4; lastKnownFileType = sourcecode.c.h; path = BRContactsViewController.h; sourceTree = "<group>"; };
		C543FF251E5EAB1F00BC3D09 /* BRContactsViewController.m */ = {isa = PBXFileReference; fileEncoding = 4; lastKnownFileType = sourcecode.c.objc; path = BRContactsViewController.m; sourceTree = "<group>"; };
		C543FF261E5EAB1F00BC3D09 /* BRGroupViewController.h */ = {isa = PBXFileReference; fileEncoding = 4; lastKnownFileType = sourcecode.c.h; path = BRGroupViewController.h; sourceTree = "<group>"; };
		C543FF271E5EAB1F00BC3D09 /* BRGroupViewController.m */ = {isa = PBXFileReference; fileEncoding = 4; lastKnownFileType = sourcecode.c.objc; path = BRGroupViewController.m; sourceTree = "<group>"; };
		C543FF291E5EAB1F00BC3D09 /* BRContactsModel.h */ = {isa = PBXFileReference; fileEncoding = 4; lastKnownFileType = sourcecode.c.h; path = BRContactsModel.h; sourceTree = "<group>"; };
		C543FF2A1E5EAB1F00BC3D09 /* BRContactsModel.m */ = {isa = PBXFileReference; fileEncoding = 4; lastKnownFileType = sourcecode.c.objc; path = BRContactsModel.m; sourceTree = "<group>"; };
		C543FF2D1E5EAB1F00BC3D09 /* BRContactsCell.h */ = {isa = PBXFileReference; fileEncoding = 4; lastKnownFileType = sourcecode.c.h; path = BRContactsCell.h; sourceTree = "<group>"; };
		C543FF2E1E5EAB1F00BC3D09 /* BRContactsCell.m */ = {isa = PBXFileReference; fileEncoding = 4; lastKnownFileType = sourcecode.c.objc; path = BRContactsCell.m; sourceTree = "<group>"; };
		C543FF3C1E5EAC0F00BC3D09 /* group_manage@2x.png */ = {isa = PBXFileReference; lastKnownFileType = image.png; path = "group_manage@2x.png"; sourceTree = "<group>"; };
		C543FF3D1E5EAC0F00BC3D09 /* group_manage@3x.png */ = {isa = PBXFileReference; lastKnownFileType = image.png; path = "group_manage@3x.png"; sourceTree = "<group>"; };
		C543FF401E5EAC2700BC3D09 /* add@2x.png */ = {isa = PBXFileReference; lastKnownFileType = image.png; path = "add@2x.png"; sourceTree = "<group>"; };
		C543FF411E5EAC2700BC3D09 /* add@3x.png */ = {isa = PBXFileReference; lastKnownFileType = image.png; path = "add@3x.png"; sourceTree = "<group>"; };
		C543FF441E5EAC5900BC3D09 /* pulldownList@2x.png */ = {isa = PBXFileReference; lastKnownFileType = image.png; path = "pulldownList@2x.png"; sourceTree = "<group>"; };
		C543FF451E5EAC5900BC3D09 /* pulldownList@3x.png */ = {isa = PBXFileReference; lastKnownFileType = image.png; path = "pulldownList@3x.png"; sourceTree = "<group>"; };
		C543FF4A1E5EBAD700BC3D09 /* BRGroupModel.h */ = {isa = PBXFileReference; fileEncoding = 4; lastKnownFileType = sourcecode.c.h; path = BRGroupModel.h; sourceTree = "<group>"; };
		C543FF4B1E5EBAD700BC3D09 /* BRGroupModel.m */ = {isa = PBXFileReference; fileEncoding = 4; lastKnownFileType = sourcecode.c.objc; path = BRGroupModel.m; sourceTree = "<group>"; };
		C543FF4D1E5ECA7700BC3D09 /* default.jpg */ = {isa = PBXFileReference; lastKnownFileType = image.jpeg; path = default.jpg; sourceTree = "<group>"; };
		C543FF4F1E5EE58900BC3D09 /* BRSearchBar.h */ = {isa = PBXFileReference; fileEncoding = 4; lastKnownFileType = sourcecode.c.h; path = BRSearchBar.h; sourceTree = "<group>"; };
		C543FF501E5EE58900BC3D09 /* BRSearchBar.m */ = {isa = PBXFileReference; fileEncoding = 4; lastKnownFileType = sourcecode.c.objc; path = BRSearchBar.m; sourceTree = "<group>"; };
		C543FF511E5EE58900BC3D09 /* BRSearchBarView.h */ = {isa = PBXFileReference; fileEncoding = 4; lastKnownFileType = sourcecode.c.h; path = BRSearchBarView.h; sourceTree = "<group>"; };
		C543FF521E5EE58900BC3D09 /* BRSearchBarView.m */ = {isa = PBXFileReference; fileEncoding = 4; lastKnownFileType = sourcecode.c.objc; path = BRSearchBarView.m; sourceTree = "<group>"; };
		C54A3F3A1E5D9B50008FF367 /* ManageGroup.app */ = {isa = PBXFileReference; explicitFileType = wrapper.application; includeInIndex = 0; path = ManageGroup.app; sourceTree = BUILT_PRODUCTS_DIR; };
		C54A3F3E1E5D9B50008FF367 /* main.m */ = {isa = PBXFileReference; lastKnownFileType = sourcecode.c.objc; path = main.m; sourceTree = "<group>"; };
		C54A3F401E5D9B50008FF367 /* AppDelegate.h */ = {isa = PBXFileReference; lastKnownFileType = sourcecode.c.h; path = AppDelegate.h; sourceTree = "<group>"; };
		C54A3F411E5D9B50008FF367 /* AppDelegate.m */ = {isa = PBXFileReference; lastKnownFileType = sourcecode.c.objc; path = AppDelegate.m; sourceTree = "<group>"; };
		C54A3F471E5D9B50008FF367 /* Base */ = {isa = PBXFileReference; lastKnownFileType = file.storyboard; name = Base; path = Base.lproj/Main.storyboard; sourceTree = "<group>"; };
		C54A3F491E5D9B50008FF367 /* Assets.xcassets */ = {isa = PBXFileReference; lastKnownFileType = folder.assetcatalog; path = Assets.xcassets; sourceTree = "<group>"; };
		C54A3F4C1E5D9B50008FF367 /* Base */ = {isa = PBXFileReference; lastKnownFileType = file.storyboard; name = Base; path = Base.lproj/LaunchScreen.storyboard; sourceTree = "<group>"; };
		C54A3F4E1E5D9B50008FF367 /* Info.plist */ = {isa = PBXFileReference; lastKnownFileType = text.plist.xml; path = Info.plist; sourceTree = "<group>"; };
		C5ACE5AC1F4D23800069978B /* YYFPSLabel.h */ = {isa = PBXFileReference; fileEncoding = 4; lastKnownFileType = sourcecode.c.h; path = YYFPSLabel.h; sourceTree = "<group>"; };
		C5ACE5AD1F4D23800069978B /* YYFPSLabel.m */ = {isa = PBXFileReference; fileEncoding = 4; lastKnownFileType = sourcecode.c.objc; path = YYFPSLabel.m; sourceTree = "<group>"; };
		C5ACE5AE1F4D23800069978B /* YYWeakProxy.h */ = {isa = PBXFileReference; fileEncoding = 4; lastKnownFileType = sourcecode.c.h; path = YYWeakProxy.h; sourceTree = "<group>"; };
		C5ACE5AF1F4D23800069978B /* YYWeakProxy.m */ = {isa = PBXFileReference; fileEncoding = 4; lastKnownFileType = sourcecode.c.objc; path = YYWeakProxy.m; sourceTree = "<group>"; };
		E1111FE3EFF3AAC4D62CB7E6 /* libPods-ManageGroup.a */ = {isa = PBXFileReference; explicitFileType = archive.ar; includeInIndex = 0; path = "libPods-ManageGroup.a"; sourceTree = BUILT_PRODUCTS_DIR; };
/* End PBXFileReference section */

/* Begin PBXFrameworksBuildPhase section */
		C54A3F371E5D9B50008FF367 /* Frameworks */ = {
			isa = PBXFrameworksBuildPhase;
			buildActionMask = 2147483647;
			files = (
				BE3A1E1BA940A33EE6183968 /* libPods-ManageGroup.a in Frameworks */,
			);
			runOnlyForDeploymentPostprocessing = 0;
		};
/* End PBXFrameworksBuildPhase section */

/* Begin PBXGroup section */
		83F8BF8249E1E958790B461D /* Pods */ = {
			isa = PBXGroup;
			children = (
				4C7CD0EAEF716B4D1EC81B38 /* Pods-ManageGroup.debug.xcconfig */,
				631BE5E1E164D11545B55ED6 /* Pods-ManageGroup.release.xcconfig */,
			);
			name = Pods;
			sourceTree = "<group>";
		};
		C543FF221E5EAB1F00BC3D09 /* Contacts */ = {
			isa = PBXGroup;
			children = (
				C543FF231E5EAB1F00BC3D09 /* Controller */,
				C543FF2C1E5EAB1F00BC3D09 /* View */,
				C543FF281E5EAB1F00BC3D09 /* Model */,
			);
			path = Contacts;
			sourceTree = "<group>";
		};
		C543FF231E5EAB1F00BC3D09 /* Controller */ = {
			isa = PBXGroup;
			children = (
				C543FF241E5EAB1F00BC3D09 /* BRContactsViewController.h */,
				C543FF251E5EAB1F00BC3D09 /* BRContactsViewController.m */,
				C543FF261E5EAB1F00BC3D09 /* BRGroupViewController.h */,
				C543FF271E5EAB1F00BC3D09 /* BRGroupViewController.m */,
			);
			path = Controller;
			sourceTree = "<group>";
		};
		C543FF281E5EAB1F00BC3D09 /* Model */ = {
			isa = PBXGroup;
			children = (
				C543FF4A1E5EBAD700BC3D09 /* BRGroupModel.h */,
				C543FF4B1E5EBAD700BC3D09 /* BRGroupModel.m */,
				C543FF291E5EAB1F00BC3D09 /* BRContactsModel.h */,
				C543FF2A1E5EAB1F00BC3D09 /* BRContactsModel.m */,
			);
			path = Model;
			sourceTree = "<group>";
		};
		C543FF2C1E5EAB1F00BC3D09 /* View */ = {
			isa = PBXGroup;
			children = (
				C543FF2D1E5EAB1F00BC3D09 /* BRContactsCell.h */,
				C543FF2E1E5EAB1F00BC3D09 /* BRContactsCell.m */,
				C543FF4F1E5EE58900BC3D09 /* BRSearchBar.h */,
				C543FF501E5EE58900BC3D09 /* BRSearchBar.m */,
				C543FF511E5EE58900BC3D09 /* BRSearchBarView.h */,
				C543FF521E5EE58900BC3D09 /* BRSearchBarView.m */,
			);
			path = View;
			sourceTree = "<group>";
		};
		C543FF3B1E5EABA400BC3D09 /* Resource */ = {
			isa = PBXGroup;
			children = (
				C54394D11E7274D1005EF454 /* contacts.json */,
				C543FF3C1E5EAC0F00BC3D09 /* group_manage@2x.png */,
				C543FF3D1E5EAC0F00BC3D09 /* group_manage@3x.png */,
				C543FF401E5EAC2700BC3D09 /* add@2x.png */,
				C543FF411E5EAC2700BC3D09 /* add@3x.png */,
				C543FF441E5EAC5900BC3D09 /* pulldownList@2x.png */,
				C543FF451E5EAC5900BC3D09 /* pulldownList@3x.png */,
				C543FF4D1E5ECA7700BC3D09 /* default.jpg */,
			);
			path = Resource;
			sourceTree = "<group>";
		};
		C54A3F311E5D9B50008FF367 = {
			isa = PBXGroup;
			children = (
				C54A3F3C1E5D9B50008FF367 /* ManageGroup */,
				C54A3F3B1E5D9B50008FF367 /* Products */,
				83F8BF8249E1E958790B461D /* Pods */,
				CF8C87018EA9F3B3C6B0AB7C /* Frameworks */,
			);
			sourceTree = "<group>";
		};
		C54A3F3B1E5D9B50008FF367 /* Products */ = {
			isa = PBXGroup;
			children = (
				C54A3F3A1E5D9B50008FF367 /* ManageGroup.app */,
			);
			name = Products;
			sourceTree = "<group>";
		};
		C54A3F3C1E5D9B50008FF367 /* ManageGroup */ = {
			isa = PBXGroup;
			children = (
				C54A3F401E5D9B50008FF367 /* AppDelegate.h */,
				C54A3F411E5D9B50008FF367 /* AppDelegate.m */,
				C543FF221E5EAB1F00BC3D09 /* Contacts */,
				C5ACE5AA1F4D23680069978B /* Vendor */,
				C543FF3B1E5EABA400BC3D09 /* Resource */,
				C54A3F461E5D9B50008FF367 /* Main.storyboard */,
				C54A3F491E5D9B50008FF367 /* Assets.xcassets */,
				C54A3F4B1E5D9B50008FF367 /* LaunchScreen.storyboard */,
				C54A3F4E1E5D9B50008FF367 /* Info.plist */,
				C54A3F3D1E5D9B50008FF367 /* Supporting Files */,
			);
			path = ManageGroup;
			sourceTree = "<group>";
		};
		C54A3F3D1E5D9B50008FF367 /* Supporting Files */ = {
			isa = PBXGroup;
			children = (
				C543FF111E5E769400BC3D09 /* PrefixHeader.pch */,
				C54A3F3E1E5D9B50008FF367 /* main.m */,
			);
			name = "Supporting Files";
			sourceTree = "<group>";
		};
		C5ACE5AA1F4D23680069978B /* Vendor */ = {
			isa = PBXGroup;
			children = (
				C5ACE5AB1F4D23800069978B /* YYFPSLabel */,
			);
			path = Vendor;
			sourceTree = "<group>";
		};
		C5ACE5AB1F4D23800069978B /* YYFPSLabel */ = {
			isa = PBXGroup;
			children = (
				C5ACE5AC1F4D23800069978B /* YYFPSLabel.h */,
				C5ACE5AD1F4D23800069978B /* YYFPSLabel.m */,
				C5ACE5AE1F4D23800069978B /* YYWeakProxy.h */,
				C5ACE5AF1F4D23800069978B /* YYWeakProxy.m */,
			);
			path = YYFPSLabel;
			sourceTree = "<group>";
		};
		CF8C87018EA9F3B3C6B0AB7C /* Frameworks */ = {
			isa = PBXGroup;
			children = (
				E1111FE3EFF3AAC4D62CB7E6 /* libPods-ManageGroup.a */,
			);
			name = Frameworks;
			sourceTree = "<group>";
		};
/* End PBXGroup section */

/* Begin PBXNativeTarget section */
		C54A3F391E5D9B50008FF367 /* ManageGroup */ = {
			isa = PBXNativeTarget;
			buildConfigurationList = C54A3F511E5D9B50008FF367 /* Build configuration list for PBXNativeTarget "ManageGroup" */;
			buildPhases = (
				D1133629968F12827BFB846C /* [CP] Check Pods Manifest.lock */,
				C54A3F361E5D9B50008FF367 /* Sources */,
				C54A3F371E5D9B50008FF367 /* Frameworks */,
				C54A3F381E5D9B50008FF367 /* Resources */,
				EDC3977E9A756E604E027DB9 /* [CP] Embed Pods Frameworks */,
				B8A9D21017D9F984903B5685 /* [CP] Copy Pods Resources */,
			);
			buildRules = (
			);
			dependencies = (
			);
			name = ManageGroup;
			productName = ManageGroup;
			productReference = C54A3F3A1E5D9B50008FF367 /* ManageGroup.app */;
			productType = "com.apple.product-type.application";
		};
/* End PBXNativeTarget section */

/* Begin PBXProject section */
		C54A3F321E5D9B50008FF367 /* Project object */ = {
			isa = PBXProject;
			attributes = {
				LastUpgradeCheck = 0820;
				ORGANIZATIONNAME = renbo;
				TargetAttributes = {
					C54A3F391E5D9B50008FF367 = {
						CreatedOnToolsVersion = 8.2.1;
						ProvisioningStyle = Automatic;
					};
				};
			};
			buildConfigurationList = C54A3F351E5D9B50008FF367 /* Build configuration list for PBXProject "ManageGroup" */;
			compatibilityVersion = "Xcode 3.2";
			developmentRegion = English;
			hasScannedForEncodings = 0;
			knownRegions = (
				en,
				Base,
			);
			mainGroup = C54A3F311E5D9B50008FF367;
			productRefGroup = C54A3F3B1E5D9B50008FF367 /* Products */;
			projectDirPath = "";
			projectRoot = "";
			targets = (
				C54A3F391E5D9B50008FF367 /* ManageGroup */,
			);
		};
/* End PBXProject section */

/* Begin PBXResourcesBuildPhase section */
		C54A3F381E5D9B50008FF367 /* Resources */ = {
			isa = PBXResourcesBuildPhase;
			buildActionMask = 2147483647;
			files = (
				C54394D21E7274D1005EF454 /* contacts.json in Resources */,
				C543FF461E5EAC5900BC3D09 /* pulldownList@2x.png in Resources */,
				C543FF471E5EAC5900BC3D09 /* pulldownList@3x.png in Resources */,
				C543FF431E5EAC2700BC3D09 /* add@3x.png in Resources */,
				C543FF4E1E5ECA7700BC3D09 /* default.jpg in Resources */,
				C54A3F4D1E5D9B50008FF367 /* LaunchScreen.storyboard in Resources */,
				C543FF3F1E5EAC0F00BC3D09 /* group_manage@3x.png in Resources */,
				C54A3F4A1E5D9B50008FF367 /* Assets.xcassets in Resources */,
				C543FF3E1E5EAC0F00BC3D09 /* group_manage@2x.png in Resources */,
				C54A3F481E5D9B50008FF367 /* Main.storyboard in Resources */,
				C543FF421E5EAC2700BC3D09 /* add@2x.png in Resources */,
			);
			runOnlyForDeploymentPostprocessing = 0;
		};
/* End PBXResourcesBuildPhase section */

/* Begin PBXShellScriptBuildPhase section */
		B8A9D21017D9F984903B5685 /* [CP] Copy Pods Resources */ = {
			isa = PBXShellScriptBuildPhase;
			buildActionMask = 2147483647;
			files = (
			);
			inputPaths = (
			);
			name = "[CP] Copy Pods Resources";
			outputPaths = (
			);
			runOnlyForDeploymentPostprocessing = 0;
			shellPath = /bin/sh;
			shellScript = "\"${SRCROOT}/Pods/Target Support Files/Pods-ManageGroup/Pods-ManageGroup-resources.sh\"\n";
			showEnvVarsInLog = 0;
		};
		D1133629968F12827BFB846C /* [CP] Check Pods Manifest.lock */ = {
			isa = PBXShellScriptBuildPhase;
			buildActionMask = 2147483647;
			files = (
			);
			inputPaths = (
			);
			name = "[CP] Check Pods Manifest.lock";
			outputPaths = (
			);
			runOnlyForDeploymentPostprocessing = 0;
			shellPath = /bin/sh;
			shellScript = "diff \"${PODS_ROOT}/../Podfile.lock\" \"${PODS_ROOT}/Manifest.lock\" > /dev/null\nif [ $? != 0 ] ; then\n    # print error to STDERR\n    echo \"error: The sandbox is not in sync with the Podfile.lock. Run 'pod install' or update your CocoaPods installation.\" >&2\n    exit 1\nfi\n";
			showEnvVarsInLog = 0;
		};
		EDC3977E9A756E604E027DB9 /* [CP] Embed Pods Frameworks */ = {
			isa = PBXShellScriptBuildPhase;
			buildActionMask = 2147483647;
			files = (
			);
			inputPaths = (
			);
			name = "[CP] Embed Pods Frameworks";
			outputPaths = (
			);
			runOnlyForDeploymentPostprocessing = 0;
			shellPath = /bin/sh;
			shellScript = "\"${SRCROOT}/Pods/Target Support Files/Pods-ManageGroup/Pods-ManageGroup-frameworks.sh\"\n";
			showEnvVarsInLog = 0;
		};
/* End PBXShellScriptBuildPhase section */

/* Begin PBXSourcesBuildPhase section */
		C54A3F361E5D9B50008FF367 /* Sources */ = {
			isa = PBXSourcesBuildPhase;
			buildActionMask = 2147483647;
			files = (
				C543FF301E5EAB1F00BC3D09 /* BRGroupViewController.m in Sources */,
				C543FF541E5EE58900BC3D09 /* BRSearchBarView.m in Sources */,
				C5ACE5B11F4D23800069978B /* YYWeakProxy.m in Sources */,
				C543FF331E5EAB1F00BC3D09 /* BRContactsCell.m in Sources */,
				C543FF4C1E5EBAD700BC3D09 /* BRGroupModel.m in Sources */,
				C543FF311E5EAB1F00BC3D09 /* BRContactsModel.m in Sources */,
				C54A3F421E5D9B50008FF367 /* AppDelegate.m in Sources */,
				C5ACE5B01F4D23800069978B /* YYFPSLabel.m in Sources */,
				C54A3F3F1E5D9B50008FF367 /* main.m in Sources */,
				C543FF531E5EE58900BC3D09 /* BRSearchBar.m in Sources */,
				C543FF2F1E5EAB1F00BC3D09 /* BRContactsViewController.m in Sources */,
			);
			runOnlyForDeploymentPostprocessing = 0;
		};
/* End PBXSourcesBuildPhase section */

/* Begin PBXVariantGroup section */
		C54A3F461E5D9B50008FF367 /* Main.storyboard */ = {
			isa = PBXVariantGroup;
			children = (
				C54A3F471E5D9B50008FF367 /* Base */,
			);
			name = Main.storyboard;
			sourceTree = "<group>";
		};
		C54A3F4B1E5D9B50008FF367 /* LaunchScreen.storyboard */ = {
			isa = PBXVariantGroup;
			children = (
				C54A3F4C1E5D9B50008FF367 /* Base */,
			);
			name = LaunchScreen.storyboard;
			sourceTree = "<group>";
		};
/* End PBXVariantGroup section */

/* Begin XCBuildConfiguration section */
		C54A3F4F1E5D9B50008FF367 /* Debug */ = {
			isa = XCBuildConfiguration;
			buildSettings = {
				ALWAYS_SEARCH_USER_PATHS = NO;
				CLANG_ANALYZER_NONNULL = YES;
				CLANG_CXX_LANGUAGE_STANDARD = "gnu++0x";
				CLANG_CXX_LIBRARY = "libc++";
				CLANG_ENABLE_MODULES = YES;
				CLANG_ENABLE_OBJC_ARC = YES;
				CLANG_WARN_BOOL_CONVERSION = YES;
				CLANG_WARN_CONSTANT_CONVERSION = YES;
				CLANG_WARN_DIRECT_OBJC_ISA_USAGE = YES_ERROR;
				CLANG_WARN_DOCUMENTATION_COMMENTS = YES;
				CLANG_WARN_EMPTY_BODY = YES;
				CLANG_WARN_ENUM_CONVERSION = YES;
				CLANG_WARN_INFINITE_RECURSION = YES;
				CLANG_WARN_INT_CONVERSION = YES;
				CLANG_WARN_OBJC_ROOT_CLASS = YES_ERROR;
				CLANG_WARN_SUSPICIOUS_MOVE = YES;
				CLANG_WARN_UNREACHABLE_CODE = YES;
				CLANG_WARN__DUPLICATE_METHOD_MATCH = YES;
				"CODE_SIGN_IDENTITY[sdk=iphoneos*]" = "iPhone Developer";
				COPY_PHASE_STRIP = NO;
				DEBUG_INFORMATION_FORMAT = dwarf;
				ENABLE_STRICT_OBJC_MSGSEND = YES;
				ENABLE_TESTABILITY = YES;
				GCC_C_LANGUAGE_STANDARD = gnu99;
				GCC_DYNAMIC_NO_PIC = NO;
				GCC_NO_COMMON_BLOCKS = YES;
				GCC_OPTIMIZATION_LEVEL = 0;
				GCC_PREPROCESSOR_DEFINITIONS = (
					"DEBUG=1",
					"$(inherited)",
				);
				GCC_WARN_64_TO_32_BIT_CONVERSION = YES;
				GCC_WARN_ABOUT_RETURN_TYPE = YES_ERROR;
				GCC_WARN_UNDECLARED_SELECTOR = YES;
				GCC_WARN_UNINITIALIZED_AUTOS = YES_AGGRESSIVE;
				GCC_WARN_UNUSED_FUNCTION = YES;
				GCC_WARN_UNUSED_VARIABLE = YES;
				IPHONEOS_DEPLOYMENT_TARGET = 10.2;
				MTL_ENABLE_DEBUG_INFO = YES;
				ONLY_ACTIVE_ARCH = YES;
				SDKROOT = iphoneos;
				TARGETED_DEVICE_FAMILY = "1,2";
			};
			name = Debug;
		};
		C54A3F501E5D9B50008FF367 /* Release */ = {
			isa = XCBuildConfiguration;
			buildSettings = {
				ALWAYS_SEARCH_USER_PATHS = NO;
				CLANG_ANALYZER_NONNULL = YES;
				CLANG_CXX_LANGUAGE_STANDARD = "gnu++0x";
				CLANG_CXX_LIBRARY = "libc++";
				CLANG_ENABLE_MODULES = YES;
				CLANG_ENABLE_OBJC_ARC = YES;
				CLANG_WARN_BOOL_CONVERSION = YES;
				CLANG_WARN_CONSTANT_CONVERSION = YES;
				CLANG_WARN_DIRECT_OBJC_ISA_USAGE = YES_ERROR;
				CLANG_WARN_DOCUMENTATION_COMMENTS = YES;
				CLANG_WARN_EMPTY_BODY = YES;
				CLANG_WARN_ENUM_CONVERSION = YES;
				CLANG_WARN_INFINITE_RECURSION = YES;
				CLANG_WARN_INT_CONVERSION = YES;
				CLANG_WARN_OBJC_ROOT_CLASS = YES_ERROR;
				CLANG_WARN_SUSPICIOUS_MOVE = YES;
				CLANG_WARN_UNREACHABLE_CODE = YES;
				CLANG_WARN__DUPLICATE_METHOD_MATCH = YES;
				"CODE_SIGN_IDENTITY[sdk=iphoneos*]" = "iPhone Developer";
				COPY_PHASE_STRIP = NO;
				DEBUG_INFORMATION_FORMAT = "dwarf-with-dsym";
				ENABLE_NS_ASSERTIONS = NO;
				ENABLE_STRICT_OBJC_MSGSEND = YES;
				GCC_C_LANGUAGE_STANDARD = gnu99;
				GCC_NO_COMMON_BLOCKS = YES;
				GCC_WARN_64_TO_32_BIT_CONVERSION = YES;
				GCC_WARN_ABOUT_RETURN_TYPE = YES_ERROR;
				GCC_WARN_UNDECLARED_SELECTOR = YES;
				GCC_WARN_UNINITIALIZED_AUTOS = YES_AGGRESSIVE;
				GCC_WARN_UNUSED_FUNCTION = YES;
				GCC_WARN_UNUSED_VARIABLE = YES;
				IPHONEOS_DEPLOYMENT_TARGET = 10.2;
				MTL_ENABLE_DEBUG_INFO = NO;
				SDKROOT = iphoneos;
				TARGETED_DEVICE_FAMILY = "1,2";
				VALIDATE_PRODUCT = YES;
			};
			name = Release;
		};
		C54A3F521E5D9B50008FF367 /* Debug */ = {
			isa = XCBuildConfiguration;
			baseConfigurationReference = 4C7CD0EAEF716B4D1EC81B38 /* Pods-ManageGroup.debug.xcconfig */;
			buildSettings = {
				ASSETCATALOG_COMPILER_APPICON_NAME = AppIcon;
				GCC_PREFIX_HEADER = "$(PRODUCT_NAME)/PrefixHeader.pch";
				INFOPLIST_FILE = ManageGroup/Info.plist;
				IPHONEOS_DEPLOYMENT_TARGET = 8.0;
				LD_RUNPATH_SEARCH_PATHS = "$(inherited) @executable_path/Frameworks";
				PRODUCT_BUNDLE_IDENTIFIER = com.renbo.ManageGroup;
				PRODUCT_NAME = "$(TARGET_NAME)";
			};
			name = Debug;
		};
		C54A3F531E5D9B50008FF367 /* Release */ = {
			isa = XCBuildConfiguration;
			baseConfigurationReference = 631BE5E1E164D11545B55ED6 /* Pods-ManageGroup.release.xcconfig */;
			buildSettings = {
				ASSETCATALOG_COMPILER_APPICON_NAME = AppIcon;
				GCC_PREFIX_HEADER = "$(PRODUCT_NAME)/PrefixHeader.pch";
				INFOPLIST_FILE = ManageGroup/Info.plist;
				IPHONEOS_DEPLOYMENT_TARGET = 8.0;
				LD_RUNPATH_SEARCH_PATHS = "$(inherited) @executable_path/Frameworks";
				PRODUCT_BUNDLE_IDENTIFIER = com.renbo.ManageGroup;
				PRODUCT_NAME = "$(TARGET_NAME)";
			};
			name = Release;
		};
/* End XCBuildConfiguration section */

/* Begin XCConfigurationList section */
		C54A3F351E5D9B50008FF367 /* Build configuration list for PBXProject "ManageGroup" */ = {
			isa = XCConfigurationList;
			buildConfigurations = (
				C54A3F4F1E5D9B50008FF367 /* Debug */,
				C54A3F501E5D9B50008FF367 /* Release */,
			);
			defaultConfigurationIsVisible = 0;
			defaultConfigurationName = Release;
		};
		C54A3F511E5D9B50008FF367 /* Build configuration list for PBXNativeTarget "ManageGroup" */ = {
			isa = XCConfigurationList;
			buildConfigurations = (
				C54A3F521E5D9B50008FF367 /* Debug */,
				C54A3F531E5D9B50008FF367 /* Release */,
			);
			defaultConfigurationIsVisible = 0;
			defaultConfigurationName = Release;
		};
/* End XCConfigurationList section */
	};
	rootObject = C54A3F321E5D9B50008FF367 /* Project object */;
}
